Microsoft Visual Studio Solution File, Format Version 12.00
# Visual Studio 14
VisualStudioVersion = 14.0.25123.0
MinimumVisualStudioVersion = 10.0.40219.1
Project("{FAE04EC0-301F-11D3-BF4B-00C04F79EFBC}") = "YayMath", "YayMath\YayMath.csproj", "{DCCB174C-30E1-4816-A4FD-3306B2961527}"
EndProject
Project("{FAE04EC0-301F-11D3-BF4B-00C04F79EFBC}") = "YayMath.iOS", "iOS\YayMath.iOS.csproj", "{15F13A88-E7DA-4E30-857E-500718440485}"
EndProject
Project("{FAE04EC0-301F-11D3-BF4B-00C04F79EFBC}") = "YayMath.Droid", "Droid\YayMath.Droid.csproj", "{08DC323F-F227-417D-9105-32739B382AE1}"
EndProject
Project("{2150E333-8FDC-42A3-9474-1A3956D46DE8}") = "SharedResources", "SharedResources", "{1B18A1FF-1F69-475B-B80C-31C5576921E7}"
	ProjectSection(SolutionItems) = preProject
		SharedResources\Boo.m4a = SharedResources\Boo.m4a
		SharedResources\Yay.m4a = SharedResources\Yay.m4a
	EndProjectSection
EndProject
Project("{FAE04EC0-301F-11D3-BF4B-00C04F79EFBC}") = "YayMath.UWP", "YayMath.UWP\YayMath.UWP.csproj", "{83467A81-41FA-4AF8-90F6-9EC6FB75924F}"
EndProject
Global
	GlobalSection(SolutionConfigurationPlatforms) = preSolution
		Debug|Any CPU = Debug|Any CPU
		Debug|ARM = Debug|ARM
		Debug|iPhone = Debug|iPhone
		Debug|iPhoneSimulator = Debug|iPhoneSimulator
		Debug|x64 = Debug|x64
		Debug|x86 = Debug|x86
		Release|Any CPU = Release|Any CPU
		Release|ARM = Release|ARM
		Release|iPhone = Release|iPhone
		Release|iPhoneSimulator = Release|iPhoneSimulator
		Release|x64 = Release|x64
		Release|x86 = Release|x86
	EndGlobalSection
	GlobalSection(ProjectConfigurationPlatforms) = postSolution
		{DCCB174C-30E1-4816-A4FD-3306B2961527}.Debug|Any CPU.ActiveCfg = Debug|Any CPU
		{DCCB174C-30E1-4816-A4FD-3306B2961527}.Debug|Any CPU.Build.0 = Debug|Any CPU
		{DCCB174C-30E1-4816-A4FD-3306B2961527}.Debug|ARM.ActiveCfg = Debug|Any CPU
		{DCCB174C-30E1-4816-A4FD-3306B2961527}.Debug|ARM.Build.0 = Debug|Any CPU
		{DCCB174C-30E1-4816-A4FD-3306B2961527}.Debug|iPhone.ActiveCfg = Debug|Any CPU
		{DCCB174C-30E1-4816-A4FD-3306B2961527}.Debug|iPhone.Build.0 = Debug|Any CPU
		{DCCB174C-30E1-4816-A4FD-3306B2961527}.Debug|iPhoneSimulator.ActiveCfg = Debug|Any CPU
		{DCCB174C-30E1-4816-A4FD-3306B2961527}.Debug|iPhoneSimulator.Build.0 = Debug|Any CPU
		{DCCB174C-30E1-4816-A4FD-3306B2961527}.Debug|iPhoneSimulator.Deploy.0 = Debug|Any CPU
		{DCCB174C-30E1-4816-A4FD-3306B2961527}.Debug|x64.ActiveCfg = Debug|Any CPU
		{DCCB174C-30E1-4816-A4FD-3306B2961527}.Debug|x64.Build.0 = Debug|Any CPU
		{DCCB174C-30E1-4816-A4FD-3306B2961527}.Debug|x86.ActiveCfg = Debug|Any CPU
		{DCCB174C-30E1-4816-A4FD-3306B2961527}.Debug|x86.Build.0 = Debug|Any CPU
		{DCCB174C-30E1-4816-A4FD-3306B2961527}.Release|Any CPU.ActiveCfg = Release|Any CPU
		{DCCB174C-30E1-4816-A4FD-3306B2961527}.Release|Any CPU.Build.0 = Release|Any CPU
		{DCCB174C-30E1-4816-A4FD-3306B2961527}.Release|Any CPU.Deploy.0 = Release|Any CPU
		{DCCB174C-30E1-4816-A4FD-3306B2961527}.Release|ARM.ActiveCfg = Release|Any CPU
		{DCCB174C-30E1-4816-A4FD-3306B2961527}.Release|ARM.Build.0 = Release|Any CPU
		{DCCB174C-30E1-4816-A4FD-3306B2961527}.Release|iPhone.ActiveCfg = Release|Any CPU
		{DCCB174C-30E1-4816-A4FD-3306B2961527}.Release|iPhone.Build.0 = Release|Any CPU
		{DCCB174C-30E1-4816-A4FD-3306B2961527}.Release|iPhone.Deploy.0 = Release|Any CPU
		{DCCB174C-30E1-4816-A4FD-3306B2961527}.Release|iPhoneSimulator.ActiveCfg = Release|Any CPU
		{DCCB174C-30E1-4816-A4FD-3306B2961527}.Release|iPhoneSimulator.Build.0 = Release|Any CPU
		{DCCB174C-30E1-4816-A4FD-3306B2961527}.Release|x64.ActiveCfg = Release|Any CPU
		{DCCB174C-30E1-4816-A4FD-3306B2961527}.Release|x64.Build.0 = Release|Any CPU
		{DCCB174C-30E1-4816-A4FD-3306B2961527}.Release|x86.ActiveCfg = Release|Any CPU
		{DCCB174C-30E1-4816-A4FD-3306B2961527}.Release|x86.Build.0 = Release|Any CPU
		{15F13A88-E7DA-4E30-857E-500718440485}.Debug|Any CPU.ActiveCfg = Debug|iPhoneSimulator
		{15F13A88-E7DA-4E30-857E-500718440485}.Debug|Any CPU.Build.0 = Debug|iPhoneSimulator
		{15F13A88-E7DA-4E30-857E-500718440485}.Debug|ARM.ActiveCfg = Debug|iPhone
		{15F13A88-E7DA-4E30-857E-500718440485}.Debug|ARM.Build.0 = Debug|iPhone
		{15F13A88-E7DA-4E30-857E-500718440485}.Debug|iPhone.ActiveCfg = Debug|iPhone
		{15F13A88-E7DA-4E30-857E-500718440485}.Debug|iPhone.Build.0 = Debug|iPhone
		{15F13A88-E7DA-4E30-857E-500718440485}.Debug|iPhoneSimulator.ActiveCfg = Debug|iPhoneSimulator
		{15F13A88-E7DA-4E30-857E-500718440485}.Debug|iPhoneSimulator.Build.0 = Debug|iPhoneSimulator
		{15F13A88-E7DA-4E30-857E-500718440485}.Debug|x64.ActiveCfg = Debug|iPhoneSimulator
		{15F13A88-E7DA-4E30-857E-500718440485}.Debug|x64.Build.0 = Debug|iPhoneSimulator
		{15F13A88-E7DA-4E30-857E-500718440485}.Debug|x86.ActiveCfg = Debug|iPhoneSimulator
		{15F13A88-E7DA-4E30-857E-500718440485}.Debug|x86.Build.0 = Debug|iPhoneSimulator
		{15F13A88-E7DA-4E30-857E-500718440485}.Release|Any CPU.ActiveCfg = Debug|iPhoneSimulator
		{15F13A88-E7DA-4E30-857E-500718440485}.Release|Any CPU.Build.0 = Debug|iPhoneSimulator
		{15F13A88-E7DA-4E30-857E-500718440485}.Release|ARM.ActiveCfg = Release|iPhone
		{15F13A88-E7DA-4E30-857E-500718440485}.Release|ARM.Build.0 = Release|iPhone
		{15F13A88-E7DA-4E30-857E-500718440485}.Release|iPhone.ActiveCfg = Release|iPhone
		{15F13A88-E7DA-4E30-857E-500718440485}.Release|iPhone.Build.0 = Release|iPhone
		{15F13A88-E7DA-4E30-857E-500718440485}.Release|iPhoneSimulator.ActiveCfg = Release|iPhoneSimulator
		{15F13A88-E7DA-4E30-857E-500718440485}.Release|iPhoneSimulator.Build.0 = Release|iPhoneSimulator
		{15F13A88-E7DA-4E30-857E-500718440485}.Release|x64.ActiveCfg = Release|iPhoneSimulator
		{15F13A88-E7DA-4E30-857E-500718440485}.Release|x64.Build.0 = Release|iPhoneSimulator
		{15F13A88-E7DA-4E30-857E-500718440485}.Release|x86.ActiveCfg = Release|iPhoneSimulator
		{15F13A88-E7DA-4E30-857E-500718440485}.Release|x86.Build.0 = Release|iPhoneSimulator
		{08DC323F-F227-417D-9105-32739B382AE1}.Debug|Any CPU.ActiveCfg = Debug|Any CPU
		{08DC323F-F227-417D-9105-32739B382AE1}.Debug|Any CPU.Build.0 = Debug|Any CPU
		{08DC323F-F227-417D-9105-32739B382AE1}.Debug|Any CPU.Deploy.0 = Debug|Any CPU
		{08DC323F-F227-417D-9105-32739B382AE1}.Debug|ARM.ActiveCfg = Debug|Any CPU
		{08DC323F-F227-417D-9105-32739B382AE1}.Debug|ARM.Build.0 = Debug|Any CPU
		{08DC323F-F227-417D-9105-32739B382AE1}.Debug|ARM.Deploy.0 = Debug|Any CPU
		{08DC323F-F227-417D-9105-32739B382AE1}.Debug|iPhone.ActiveCfg = Debug|Any CPU
		{08DC323F-F227-417D-9105-32739B382AE1}.Debug|iPhone.Build.0 = Debug|Any CPU
		{08DC323F-F227-417D-9105-32739B382AE1}.Debug|iPhone.Deploy.0 = Debug|Any CPU
		{08DC323F-F227-417D-9105-32739B382AE1}.Debug|iPhoneSimulator.ActiveCfg = Debug|Any CPU
		{08DC323F-F227-417D-9105-32739B382AE1}.Debug|iPhoneSimulator.Build.0 = Debug|Any CPU
		{08DC323F-F227-417D-9105-32739B382AE1}.Debug|iPhoneSimulator.Deploy.0 = Debug|Any CPU
		{08DC323F-F227-417D-9105-32739B382AE1}.Debug|x64.ActiveCfg = Debug|Any CPU
		{08DC323F-F227-417D-9105-32739B382AE1}.Debug|x64.Build.0 = Debug|Any CPU
		{08DC323F-F227-417D-9105-32739B382AE1}.Debug|x64.Deploy.0 = Debug|Any CPU
		{08DC323F-F227-417D-9105-32739B382AE1}.Debug|x86.ActiveCfg = Debug|Any CPU
		{08DC323F-F227-417D-9105-32739B382AE1}.Debug|x86.Build.0 = Debug|Any CPU
		{08DC323F-F227-417D-9105-32739B382AE1}.Debug|x86.Deploy.0 = Debug|Any CPU
		{08DC323F-F227-417D-9105-32739B382AE1}.Release|Any CPU.ActiveCfg = Release|Any CPU
		{08DC323F-F227-417D-9105-32739B382AE1}.Release|Any CPU.Build.0 = Release|Any CPU
		{08DC323F-F227-417D-9105-32739B382AE1}.Release|Any CPU.Deploy.0 = Release|Any CPU
		{08DC323F-F227-417D-9105-32739B382AE1}.Release|ARM.ActiveCfg = Release|Any CPU
		{08DC323F-F227-417D-9105-32739B382AE1}.Release|ARM.Build.0 = Release|Any CPU
		{08DC323F-F227-417D-9105-32739B382AE1}.Release|ARM.Deploy.0 = Release|Any CPU
		{08DC323F-F227-417D-9105-32739B382AE1}.Release|iPhone.ActiveCfg = Release|Any CPU
		{08DC323F-F227-417D-9105-32739B382AE1}.Release|iPhone.Build.0 = Release|Any CPU
		{08DC323F-F227-417D-9105-32739B382AE1}.Release|iPhone.Deploy.0 = Release|Any CPU
		{08DC323F-F227-417D-9105-32739B382AE1}.Release|iPhoneSimulator.ActiveCfg = Release|Any CPU
		{08DC323F-F227-417D-9105-32739B382AE1}.Release|iPhoneSimulator.Build.0 = Release|Any CPU
		{08DC323F-F227-417D-9105-32739B382AE1}.Release|iPhoneSimulator.Deploy.0 = Release|Any CPU
		{08DC323F-F227-417D-9105-32739B382AE1}.Release|x64.ActiveCfg = Release|Any CPU
		{08DC323F-F227-417D-9105-32739B382AE1}.Release|x64.Build.0 = Release|Any CPU
		{08DC323F-F227-417D-9105-32739B382AE1}.Release|x64.Deploy.0 = Release|Any CPU
		{08DC323F-F227-417D-9105-32739B382AE1}.Release|x86.ActiveCfg = Release|Any CPU
		{08DC323F-F227-417D-9105-32739B382AE1}.Release|x86.Build.0 = Release|Any CPU
		{08DC323F-F227-417D-9105-32739B382AE1}.Release|x86.Deploy.0 = Release|Any CPU
		{83467A81-41FA-4AF8-90F6-9EC6FB75924F}.Debug|Any CPU.ActiveCfg = Debug|x86
		{83467A81-41FA-4AF8-90F6-9EC6FB75924F}.Debug|Any CPU.Build.0 = Debug|x86
		{83467A81-41FA-4AF8-90F6-9EC6FB75924F}.Debug|Any CPU.Deploy.0 = Debug|x86
		{83467A81-41FA-4AF8-90F6-9EC6FB75924F}.Debug|ARM.ActiveCfg = Debug|ARM
		{83467A81-41FA-4AF8-90F6-9EC6FB75924F}.Debug|ARM.Build.0 = Debug|ARM
		{83467A81-41FA-4AF8-90F6-9EC6FB75924F}.Debug|ARM.Deploy.0 = Debug|ARM
		{83467A81-41FA-4AF8-90F6-9EC6FB75924F}.Debug|iPhone.ActiveCfg = Debug|ARM
		{83467A81-41FA-4AF8-90F6-9EC6FB75924F}.Debug|iPhone.Build.0 = Debug|ARM
		{83467A81-41FA-4AF8-90F6-9EC6FB75924F}.Debug|iPhone.Deploy.0 = Debug|ARM
		{83467A81-41FA-4AF8-90F6-9EC6FB75924F}.Debug|iPhoneSimulator.ActiveCfg = Debug|x86
		{83467A81-41FA-4AF8-90F6-9EC6FB75924F}.Debug|iPhoneSimulator.Build.0 = Debug|x86
		{83467A81-41FA-4AF8-90F6-9EC6FB75924F}.Debug|iPhoneSimulator.Deploy.0 = Debug|x86
		{83467A81-41FA-4AF8-90F6-9EC6FB75924F}.Debug|x64.ActiveCfg = Debug|x64
		{83467A81-41FA-4AF8-90F6-9EC6FB75924F}.Debug|x64.Build.0 = Debug|x64
		{83467A81-41FA-4AF8-90F6-9EC6FB75924F}.Debug|x64.Deploy.0 = Debug|x64
		{83467A81-41FA-4AF8-90F6-9EC6FB75924F}.Debug|x86.ActiveCfg = Debug|x86
		{83467A81-41FA-4AF8-90F6-9EC6FB75924F}.Debug|x86.Build.0 = Debug|x86
		{83467A81-41FA-4AF8-90F6-9EC6FB75924F}.Debug|x86.Deploy.0 = Debug|x86
		{83467A81-41FA-4AF8-90F6-9EC6FB75924F}.Release|Any CPU.ActiveCfg = Release|x86
		{83467A81-41FA-4AF8-90F6-9EC6FB75924F}.Release|Any CPU.Build.0 = Release|x86
		{83467A81-41FA-4AF8-90F6-9EC6FB75924F}.Release|Any CPU.Deploy.0 = Release|x86
		{83467A81-41FA-4AF8-90F6-9EC6FB75924F}.Release|ARM.ActiveCfg = Release|ARM
		{83467A81-41FA-4AF8-90F6-9EC6FB75924F}.Release|ARM.Build.0 = Release|ARM
		{83467A81-41FA-4AF8-90F6-9EC6FB75924F}.Release|ARM.Deploy.0 = Release|ARM
		{83467A81-41FA-4AF8-90F6-9EC6FB75924F}.Release|iPhone.ActiveCfg = Release|ARM
		{83467A81-41FA-4AF8-90F6-9EC6FB75924F}.Release|iPhone.Build.0 = Release|ARM
		{83467A81-41FA-4AF8-90F6-9EC6FB75924F}.Release|iPhone.Deploy.0 = Release|ARM
		{83467A81-41FA-4AF8-90F6-9EC6FB75924F}.Release|iPhoneSimulator.ActiveCfg = Release|x86
		{83467A81-41FA-4AF8-90F6-9EC6FB75924F}.Release|iPhoneSimulator.Build.0 = Release|x86
		{83467A81-41FA-4AF8-90F6-9EC6FB75924F}.Release|iPhoneSimulator.Deploy.0 = Release|x86
		{83467A81-41FA-4AF8-90F6-9EC6FB75924F}.Release|x64.ActiveCfg = Release|x64
		{83467A81-41FA-4AF8-90F6-9EC6FB75924F}.Release|x64.Build.0 = Release|x64
		{83467A81-41FA-4AF8-90F6-9EC6FB75924F}.Release|x64.Deploy.0 = Release|x64
		{83467A81-41FA-4AF8-90F6-9EC6FB75924F}.Release|x86.ActiveCfg = Release|x86
		{83467A81-41FA-4AF8-90F6-9EC6FB75924F}.Release|x86.Build.0 = Release|x86
		{83467A81-41FA-4AF8-90F6-9EC6FB75924F}.Release|x86.Deploy.0 = Release|x86
	EndGlobalSection
	GlobalSection(SolutionProperties) = preSolution
		HideSolutionNode = FALSE
	EndGlobalSection
EndGlobal
